{
  "name": "binary-tree",
  "version": "0.0.0",
  "lockfileVersion": 1,
  "requires": true,
  "dependencies": {
    "iterable-bitter-able": {
      "version": "0.0.0",
      "resolved": "https://registry.npmjs.org/iterable-bitter-able/-/iterable-bitter-able-0.0.0.tgz",
      "integrity": "sha512-cDCO0UcQYclnV9N5odez2Y3etokYDV92NZZcT4kB+5mi4uDJI8ZKaHy7nwvWgeh7Gt7M/xOHn4kkNxjvitsEsQ=="
    },
    "node": {
      "version": "file:../../nodes/node"
    }
  }
}
