{
  "name": "ordered-binary-node",
  "version": "0.0.0",
  "lockfileVersion": 1,
  "requires": true,
  "dependencies": {
    "binary-node": {
      "version": "file:../binary-node",
      "requires": {
        "node": "file:../node"
      },
      "dependencies": {
        "node": {
          "version": "file:../node",
          "bundled": true
        }
      }
    }
  }
}
