{
  "name": "binary-search-tree",
  "version": "0.0.0",
  "lockfileVersion": 1,
  "requires": true,
  "dependencies": {
    "binary-tree": {
      "version": "file:../binary-tree",
      "requires": {
        "iterable-bitter-able": "0.0.0",
        "node": "file:../../nodes/node"
      },
      "dependencies": {
        "iterable-bitter-able": {
          "version": "0.0.0",
          "bundled": true
        },
        "node": {
          "version": "file:../../nodes/node",
          "bundled": true
        }
      }
    },
    "iterable-bitter-able": {
      "version": "0.0.0",
      "resolved": "https://registry.npmjs.org/iterable-bitter-able/-/iterable-bitter-able-0.0.0.tgz",
      "integrity": "sha512-cDCO0UcQYclnV9N5odez2Y3etokYDV92NZZcT4kB+5mi4uDJI8ZKaHy7nwvWgeh7Gt7M/xOHn4kkNxjvitsEsQ=="
    },
    "ordered-binary-node": {
      "version": "file:../../nodes/ordered-binary-node",
      "requires": {
        "binary-node": "file:../../nodes/binary-node"
      },
      "dependencies": {
        "binary-node": {
          "version": "file:../../nodes/binary-node",
          "bundled": true,
          "requires": {
            "node": "file:../../nodes/node"
          },
          "dependencies": {
            "node": {
              "version": "file:../../nodes/node",
              "bundled": true
            }
          }
        }
      }
    }
  }
}
