{
  "name": "red-black-node",
  "version": "0.0.0",
  "lockfileVersion": 1,
  "requires": true,
  "dependencies": {
    "ordered-binary-node": {
      "version": "file:../ordered-binary-node",
      "requires": {
        "binary-node": "file:../binary-node"
      },
      "dependencies": {
        "binary-node": {
          "version": "file:../binary-node",
          "bundled": true,
          "requires": {
            "node": "file:../node"
          },
          "dependencies": {
            "node": {
              "version": "file:../node",
              "bundled": true
            }
          }
        }
      }
    }
  }
}
